version = 1
revision = 3
requires-python = ">=3.11"

[[package]]
name = "colorama"
version = "0.4.6"
source = { registry = "https://pypi.org/simple" }
sdist = { url = "https://files.pythonhosted.org/packages/d8/53/6f443c9a4a8358a93a6792e2acffb9d9d5cb0a5cfd8802644b7b1c9a02e4/colorama-0.4.6.tar.gz", hash = "sha256:08695f5cb7ed6e0531a20572697297273c47b8cae5a63ffc6d6ed5c201be6e44", size = 27697, upload-time = "2022-10-25T02:36:22.414Z" }
wheels = [
    { url = "https://files.pythonhosted.org/packages/d1/d6/3965ed04c63042e047cb6a3e6ed1a63a35087b6a609aa3a15ed8ac56c221/colorama-0.4.6-py2.py3-none-any.whl", hash = "sha256:4f1d9991f5acc0ca119f9d443620b77f9d6b33703e51011c16baf57afb285fc6", size = 25335, upload-time = "2022-10-25T02:36:20.889Z" },
]

[[package]]
name = "fast-flights"
version = "3.1.0"
source = { registry = "https://pypi.org/simple" }
dependencies = [
    { name = "primp" },
    { name = "protobuf" },
    { name = "selectolax" },
]
sdist = { url = "https://files.pythonhosted.org/packages/e1/40/a8355032a1bd40bae23a8b94cd8019fb0567df7ca32c19b37a7c256912a0/fast_flights-3.1.0.tar.gz", hash = "sha256:3a0e279312b0dedbe7a83af2c10c7c984a792a93050ff69c33d996f703dfd706", size = 22154, upload-time = "2026-08-18T07:31:26.099Z" }
wheels = [
    { url = "https://files.pythonhosted.org/packages/20/cb/60419fedc21fb664baf753912b4645deb38ee7653e11fbde3728ed84464c/fast_flights-3.1.0-py3-none-any.whl", hash = "sha256:90c629646a591ff04a9f164ba651432f595232c3537cda5275db25c07283429a", size = 22966, upload-time = "2026-08-18T07:31:24.862Z" },
]

[[package]]
name = "flights"
version = "0.1.0"
source = { editable = "." }
dependencies = [
    { name = "fast-flights" },
    { name = "typing-extensions" },
]

[package.dev-dependencies]
dev = [
    { name = "pytest" },
    { name = "pytest-mock" },
    { name = "ruff" },
]

[package.metadata]
requires-dist = [
    { name = "fast-flights", specifier = ">=3.1.0" },
    { name = "typing-extensions", specifier = ">=4.16.0" },
]

[package.metadata.requires-dev]
dev = [
    { name = "pytest", specifier = ">=9.0.0" },
    { name = "pytest-mock", specifier = ">=3.15.0" },
    { name = "ruff", specifier = ">=0.15.0" },
]

[[package]]
name = "iniconfig"
version = "2.3.0"
source = { registry = "https://pypi.org/simple" }
sdist = { url = "https://files.pythonhosted.org/packages/72/34/14ca021ce8e5dfedc35312d08ba8bf51fdd999c576889fc2c24cb97f4f10/iniconfig-2.3.0.tar.gz", hash = "sha256:c76315c77db068650d49c5b56314774a7804df16fee4402c1f19d6d15d8c4730", size = 20503, upload-time = "2025-10-18T21:55:43.219Z" }
wheels = [
    { url = "https://files.pythonhosted.org/packages/cb/b1/3846dd7f199d53cb17f49cba7e651e9ce294d8497c8c150530ed11865bb8/iniconfig-2.3.0-py3-none-any.whl", hash = "sha256:f631c04d2c48c52b84d0d0549c99ff3859c98df65b3101406327ecc7d53fbf12", size = 7484, upload-time = "2025-10-18T21:55:41.639Z" },
]

[[package]]
name = "packaging"
version = "26.3"
source = { registry = "https://pypi.org/simple" }
sdist = { url = "https://files.pythonhosted.org/packages/7d/fa/3944b40b07da9ce895c0e6303a5ab7d53da063554f534556b134a54d6093/packaging-26.3.tar.gz", hash = "sha256:94edc256424af38762eb31306eed28beb9f0efc50a8837492c9d6fd6004aed79", size = 313412, upload-time = "2026-08-04T18:15:28.737Z" }
wheels = [
    { url = "https://files.pythonhosted.org/packages/63/34/ba1c580383c9eada3711951fef0795c80b829a078d72188184bcab9dd527/packaging-26.3-py3-none-any.whl", hash = "sha256:d7193f7c8e4e93f444fde0262bf90af30e16fa0ad0ad44cb553c87339b23cd1c", size = 129956, upload-time = "2026-08-04T18:15:27.159Z" },
]

[[package]]
name = "pluggy"
version = "1.6.0"
source = { registry = "https://pypi.org/simple" }
sdist = { url = "https://files.pythonhosted.org/packages/f9/e2/3e91f31a7d2b083fe6ef3fa267035b518369d9511ffab804f839851d2779/pluggy-1.6.0.tar.gz", hash = "sha256:7dcc130b76258d33b90f61b658791dede3486c3e6bfb003ee5c9bfb396dd22f3", size = 69412, upload-time = "2025-05-15T12:30:07.975Z" }
wheels = [
    { url = "https://files.pythonhosted.org/packages/54/20/4d324d65cc6d9205fabedc306948156824eb9f0ee1633355a8f7ec5c66bf/pluggy-1.6.0-py3-none-any.whl", hash = "sha256:e920276dd6813095e9377c0bc5566d94c932c33b27a3e3945d8389c374dd4746", size = 20538, upload-time = "2025-05-15T12:30:06.134Z" },
]

[[package]]
name = "primp"
version = "2.0.1"
source = { registry = "https://pypi.org/simple" }
sdist = { url = "https://files.pythonhosted.org/packages/c7/01/c2a43378aaaf29539971766a007f3185fbe3f208f431b0969fa85c5a2111/primp-2.0.1.tar.gz", hash = "sha256:82ba17b077bef19a189d9ec8d77ca632496cb444e0f4fa37e27e90041cf0da8f", size = 1124282, upload-time = "2026-09-13T00:18:19.362Z" }
wheels = [
    { url = "https://files.pythonhosted.org/packages/12/10/7de6810278d4578062449ebc14348c18da88b39fa027cabb13a7be19fe9f/primp-2.0.1-cp310-abi3-macosx_10_12_x86_64.whl", hash = "sha256:4296ae43a8660bcb1dfc1570ed07dc9f8ab64f11fdebf3272532411b7fe321ef", size = 6352835, upload-time = "2026-09-13T00:17:31.635Z" },
    { url = "https://files.pythonhosted.org/packages/5d/ab/0a8af6dd09aa6875109aaf93fa0ceec4b6b8302d303690f1ce0922becece/primp-2.0.1-cp310-abi3-macosx_11_0_arm64.whl", hash = "sha256:ca21c764f17ba42dde38c29d6a1f01970d39fa5f4793b0fe702006bd71b7a16a", size = 6020705, upload-time = "2026-09-13T00:17:33.36Z" },
    { url = "https://files.pythonhosted.org/packages/bc/1b/976fa7f73d2734eec91fb2468f5f4882e23ddb5c1d41416ff25c5486f0f8/primp-2.0.1-cp310-abi3-manylinux_2_17_aarch64.manylinux2014_aarch64.whl", hash = "sha256:aa85a55b1c53ef8c2d14f1c61f0b7ab0ff300b349b2768a52d6c2f3f3f9ca80c", size = 6294373, upload-time = "2026-09-13T00:17:35.205Z" },
    { url = "https://files.pythonhosted.org/packages/13/e0/60fa971424c47d590bd12834f5e8fce2cd63c2f1510d95106ede7167317f/primp-2.0.1-cp310-abi3-manylinux_2_17_armv7l.manylinux2014_armv7l.whl", hash = "sha256:9edc6d2f2fd30d2ddf8c093bf533a3e99ae1385a1d2af15baaa299fb55310fb8", size = 5854420, upload-time = "2026-09-13T00:17:36.713Z" },
    { url = "https://files.pythonhosted.org/packages/8b/fb/1e3167e024be8a28f333dcc759e1722b4e531253444cfae649933ebff73d/primp-2.0.1-cp310-abi3-manylinux_2_17_i686.manylinux2014_i686.whl", hash = "sha256:24d3ffeb054c23c7588d0240b5488d960f669398d1ab4cb3873158322bdf821d", size = 6302397, upload-time = "2026-09-13T00:17:38.27Z" },
    { url = "https://files.pythonhosted.org/packages/c2/79/c142138c2c451af19ca18a63b7b623d33127dddca96955376d8e48b90727/primp-2.0.1-cp310-abi3-manylinux_2_17_s390x.manylinux2014_s390x.whl", hash = "sha256:0beec080cb61044bd8b2eb0e3ca60f15f2df8ced9f2fbc6f1760855c20aed42a", size = 6393535, upload-time = "2026-09-13T00:17:39.843Z" },
    { url = "https://files.pythonhosted.org/packages/59/e9/24b5f9439aa4a0209602c7a997bf6dc537ed2aa0c8b6b7e5a40e694a5633/primp-2.0.1-cp310-abi3-manylinux_2_17_x86_64.manylinux2014_x86_64.whl", hash = "sha256:9a7be373adfded677a9092ae2743873d5c8a9573148d617a189d26715f7d8ea5", size = 6585593, upload-time = "2026-09-13T00:17:41.793Z" },
    { url = "https://files.pythonhosted.org/packages/eb/c7/70c2dc8b6309b01e74cbcb8cf0cb0e551e71eab333d8ebda4ec08051adce/primp-2.0.1-cp310-abi3-manylinux_2_28_ppc64le.whl", hash = "sha256:acc8b31f7fcc241b8ecb94069efea611f4f451d90f1798684c379d05e108b2c0", size = 6648111, upload-time = "2026-09-13T00:17:43.311Z" },
    { url = "https://files.pythonhosted.org/packages/33/28/f22afd3f7bc9323cda5bc378707ed7a2a610a3f82cbfe2cbb4e710d8e8b1/primp-2.0.1-cp310-abi3-musllinux_1_2_aarch64.whl", hash = "sha256:e5f8d170c69b4afbe61d854b3f0cf27a0c0e557f0e54ebe595dad4db0f72127d", size = 6456620, upload-time = "2026-09-13T00:17:44.798Z" },
    { url = "https://files.pythonhosted.org/packages/22/cb/ad89b6c413272d206286f3d1c69ee990b4b7173659128acbef2b0dae687b/primp-2.0.1-cp310-abi3-musllinux_1_2_armv7l.whl", hash = "sha256:706c843c86162d431c5a2051b8b41e16c7c51bca6bd60d139d7614609463a6c5", size = 6092014, upload-time = "2026-09-13T00:17:46.354Z" },
    { url = "https://files.pythonhosted.org/packages/ba/c4/4b92aac38c9a6c4aa707d408a85451d804f29231316b99308f1addb6e8cb/primp-2.0.1-cp310-abi3-musllinux_1_2_i686.whl", hash = "sha256:415aa6bb1b998ace5a456734df95755b5342b73fa0a6babbcb3ca471c83b9dbe", size = 6389995, upload-time = "2026-09-13T00:17:47.807Z" },
    { url = "https://files.pythonhosted.org/packages/d9/b8/885464388964abf3ed48cd852e45293eb1b96945a5c065180ca53db8b9f7/primp-2.0.1-cp310-abi3-musllinux_1_2_x86_64.whl", hash = "sha256:7f494686da2991212f5607d125c32cb8da72a92e179d497c7d2ffeba21abff1e", size = 6846177, upload-time = "2026-09-13T00:17:49.323Z" },
    { url = "https://files.pythonhosted.org/packages/40/76/208a2d106739864ee43446ba9b2f0203750d4e7d1ed1509f3c1a3637fe04/primp-2.0.1-cp310-abi3-win32.whl", hash = "sha256:1cb429afd3a5ea98c625292f3c6581b0ccc0d398d3307603cce25ec140dfd671", size = 5685358, upload-time = "2026-09-13T00:17:50.779Z" },
    { url = "https://files.pythonhosted.org/packages/bc/7b/1dd9f11c86743fde7a9c21552d0e20c444d4ea237f44844d4b0a998fe512/primp-2.0.1-cp310-abi3-win_amd64.whl", hash = "sha256:0e27f3e233cf34cae6cbc8158af58b93fb0a87ceb1802b4611c7a14a2d822cdc", size = 6374422, upload-time = "2026-09-13T00:17:52.501Z" },
    { url = "https://files.pythonhosted.org/packages/2b/57/5ebd69c49a8c61b621d53d779789b711fe7b6036c96585cc3cb1a6088702/primp-2.0.1-cp310-abi3-win_arm64.whl", hash = "sha256:dea9370fcf6624725f564f9b9cf4fec3c127f86b7494196d03343a835fe3dee4", size = 6220926, upload-time = "2026-09-13T00:17:54.062Z" },
    { url = "https://files.pythonhosted.org/packages/c2/dc/1c28304210638aac954574e7ff11c9669221bdcf9c330f06860738b8ed9c/primp-2.0.1-cp314-cp314t-macosx_10_12_x86_64.whl", hash = "sha256:656ea4ff0d45bbd119394a6834a367e34192d75cb7a5945cfc2f1cbb266b1be4", size = 6365210, upload-time = "2026-09-13T00:17:55.628Z" },
    { url = "https://files.pythonhosted.org/packages/4a/5b/f5b886cfc638ef867e6001e73fdf8c2e4bcc3e17eddec7988e46d76a9833/primp-2.0.1-cp314-cp314t-macosx_11_0_arm64.whl", hash = "sha256:31b3cd957f02dc49e5e9d9cbadd809747872caebfaf093dc34775a7f866a3e65", size = 6006552, upload-time = "2026-09-13T00:17:57.093Z" },
    { url = "https://files.pythonhosted.org/packages/da/79/6fcac29ec2d1bd186516e6bbd3c6849e0da50ed78ecfac5c7bf53b2d71d9/primp-2.0.1-cp314-cp314t-manylinux_2_17_aarch64.manylinux2014_aarch64.whl", hash = "sha256:0b8af35eb64d61291b105479245c89ed1231a5fff1e9b75870515892ffabf054", size = 6288187, upload-time = "2026-09-13T00:17:58.451Z" },
    { url = "https://files.pythonhosted.org/packages/bf/39/ef9981dc512d1f70e69baeb80ee59b9aef6c247ce2a994db692f56430145/primp-2.0.1-cp314-cp314t-manylinux_2_17_armv7l.manylinux2014_armv7l.whl", hash = "sha256:4f659e6479073c4693195f0f43b7a96ae0afd353f6f057754f80be016eea6f20", size = 5854898, upload-time = "2026-09-13T00:18:00.132Z" },
    { url = "https://files.pythonhosted.org/packages/69/d0/86113c9ee7bc30d492583d96f4b335efcaededa1d293f643980ccd0934d6/primp-2.0.1-cp314-cp314t-manylinux_2_17_i686.manylinux2014_i686.whl", hash = "sha256:9ba278a9af63981f2aece0d98fec9d6cc5a918943eb56e4f4df2b3ca90dab787", size = 6291137, upload-time = "2026-09-13T00:18:01.59Z" },
    { url = "https://files.pythonhosted.org/packages/61/03/c460c0a09a8e8179e42b2e43eab15b68ab9b38cfbeb5e15275916169c615/primp-2.0.1-cp314-cp314t-manylinux_2_17_s390x.manylinux2014_s390x.whl", hash = "sha256:bedb42ea9188dd571db46d93f0b994d2e8e9271d2ddd55ee0ab7ac2844742bed", size = 6398345, upload-time = "2026-09-13T00:18:03.317Z" },
    { url = "https://files.pythonhosted.org/packages/4e/a2/c050dbeacfe1e166004244d8d4abb93a8531cbb1b286a9d05124a0a0a253/primp-2.0.1-cp314-cp314t-manylinux_2_17_x86_64.manylinux2014_x86_64.whl", hash = "sha256:888ba0708e518acad84bfc0a8bb274ec7ae48655a95afdb9c8184bd88cc6d7ab", size = 6581846, upload-time = "2026-09-13T00:18:04.972Z" },
    { url = "https://files.pythonhosted.org/packages/f8/98/539b176a93cf74b87cf051c951731f12b08b5da4625745cc5242be3a86ea/primp-2.0.1-cp314-cp314t-manylinux_2_28_ppc64le.whl", hash = "sha256:71fa07394c0084940d86c9f441bc2f05d7f8951a944bde315bebb6eec9b718d7", size = 6640086, upload-time = "2026-09-13T00:18:06.642Z" },
    { url = "https://files.pythonhosted.org/packages/12/0d/87f13bb4765f5cb61811f472cdeadc2533179782e582407913f1816dcf5e/primp-2.0.1-cp314-cp314t-musllinux_1_2_aarch64.whl", hash = "sha256:c8f2b2eaacddf2bdff7b1b5f4219249d06246e577432fcb9b9babbc65146ff32", size = 6452607, upload-time = "2026-09-13T00:18:08.406Z" },
    { url = "https://files.pythonhosted.org/packages/fa/14/33e0b4fcde7e1c77098d66bfdb1c0e0fbef5d4abc60ba62f6e94c2b53db8/primp-2.0.1-cp314-cp314t-musllinux_1_2_armv7l.whl", hash = "sha256:934696c74b8a88a7dbb40b3bb54a182b0c9782427f036035cb21bfc0cf7e24a9", size = 6092550, upload-time = "2026-09-13T00:18:09.88Z" },
    { url = "https://files.pythonhosted.org/packages/fc/61/bb0432931589d52f1c7c0ca7a63b916d8e3b84698ea91a982c0b9b7ef84d/primp-2.0.1-cp314-cp314t-musllinux_1_2_i686.whl", hash = "sha256:e5f2e7b9fe557a440a929746a318074fd9989be318ce75411d01f1f3ed7bc85d", size = 6375703, upload-time = "2026-09-13T00:18:11.401Z" },
    { url = "https://files.pythonhosted.org/packages/88/ed/87bd29cd3e3b34e31d60c0025929584196563fb8c1e13f18967d9c61977a/primp-2.0.1-cp314-cp314t-musllinux_1_2_x86_64.whl", hash = "sha256:2b4970ab274deaa13224777fb52b8745523293c23566a6c44fa3fbd61e47c183", size = 6843653, upload-time = "2026-09-13T00:18:13.099Z" },
    { url = "https://files.pythonhosted.org/packages/60/91/6c0a613a0f3f66a7b60306d27b66b1c7e8cbd83ee4c819ebb83d091675a7/primp-2.0.1-cp314-cp314t-win32.whl", hash = "sha256:0440d84854d1f9218277eef2c688a1774408e0d8a3805077eb6db432a4fa7970", size = 5678252, upload-time = "2026-09-13T00:18:14.516Z" },
    { url = "https://files.pythonhosted.org/packages/10/8f/74a8c4a06e1018a9137312cee7e311510d80ea70a4f86fb9732a4fb5c7b5/primp-2.0.1-cp314-cp314t-win_amd64.whl", hash = "sha256:f0806c7653ee05bbe3c7b28f97f19bd5d763d7da1366026d5cb85cd8713f5c33", size = 6364346, upload-time = "2026-09-13T00:18:16.02Z" },
    { url = "https://files.pythonhosted.org/packages/3c/70/ff265264e27b414695945300d4b8fa75e474461e14fa59450647da3b24d7/primp-2.0.1-cp314-cp314t-win_arm64.whl", hash = "sha256:a26651747b21efdff1ff986ee3e98ec3b349ce84b01b22226ce0b7a967041f01", size = 6211015, upload-time = "2026-09-13T00:18:17.549Z" },
]

[[package]]
name = "protobuf"
version = "7.36.2"
source = { registry = "https://pypi.org/simple" }
sdist = { url = "https://files.pythonhosted.org/packages/d9/89/5b8517baa72f84a67b8a307ba953c91057af618bf40bf676f3c03551f8f0/protobuf-7.36.2.tar.gz", hash = "sha256:497d0463ff3316681da6c0b9e8d06cb465d61abce00b613ab42226175644d1bb", size = 512737, upload-time = "2026-09-17T20:07:59.326Z" }
wheels = [
    { url = "https://files.pythonhosted.org/packages/32/72/98342feb672507c8f3a69e34b4fa8961f608edba5c1a48a6f47156d92cb5/protobuf-7.36.2-cp310-abi3-macosx_10_9_universal2.whl", hash = "sha256:cbc70b17ee27e28894c7fee8bb04be1abead49e936bc70eb60052531eee2079e", size = 456039, upload-time = "2026-09-17T20:07:51.542Z" },
    { url = "https://files.pythonhosted.org/packages/b6/ea/91fdf7c2b8bbd49cde056f00a9df6773532987e1c00fe2830b895af95c7e/protobuf-7.36.2-cp310-abi3-manylinux2014_aarch64.whl", hash = "sha256:e11e1f0180583a2af89db6a2ecd9e8dc40aa6d2988ca175bfd0e6d12ea72d74e", size = 344219, upload-time = "2026-09-17T20:07:52.914Z" },
    { url = "https://files.pythonhosted.org/packages/17/ab/5fd5f8ece73fad885c5a09aa849b32d70472f954ba3a92d3bb5974ea953b/protobuf-7.36.2-cp310-abi3-manylinux2014_s390x.whl", hash = "sha256:f4fee11ec330d238b34a05c9b675f693c20415d1c5bd7d5320cc2f8a798eb9cf", size = 357223, upload-time = "2026-09-17T20:07:53.985Z" },
    { url = "https://files.pythonhosted.org/packages/db/f3/3996583dd2906297a637af12114deddf7658af6e683fedb83be061983fb5/protobuf-7.36.2-cp310-abi3-manylinux2014_x86_64.whl", hash = "sha256:89f23aa53c24553a2416fd4fd1ec06f74fa42b14b546d8883128813f775bbfd2", size = 343223, upload-time = "2026-09-17T20:07:54.931Z" },
    { url = "https://files.pythonhosted.org/packages/fc/1b/dcc64f358fcb51811b58ae40b3d28f820725f116d86487cc20bd4b130701/protobuf-7.36.2-cp310-abi3-win32.whl", hash = "sha256:912c1221170e16c08d1f086762f563dd61ff83c18b5fa6652952dfaded66f728", size = 442998, upload-time = "2026-09-17T20:07:55.826Z" },
    { url = "https://files.pythonhosted.org/packages/8a/55/b77bda4e5e5f5971fb51b07663694690e9afdb9402136c16a522bd621cad/protobuf-7.36.2-cp310-abi3-win_amd64.whl", hash = "sha256:a300819d441e078a5608c0d3c709796bb548136058fda017ae51d425b44fd353", size = 456514, upload-time = "2026-09-17T20:07:57.188Z" },
    { url = "https://files.pythonhosted.org/packages/e4/04/d52c7016b04b6c5108f26691f9d33ec82a9b65d041f1a9c771137693d618/protobuf-7.36.2-py3-none-any.whl", hash = "sha256:bdb3a345d48db958e6ce1f18e508beb0cc981d64f24088427549c866cd039f1e", size = 179806, upload-time = "2026-09-17T20:07:58.211Z" },
]

[[package]]
name = "pygments"
version = "2.21.0"
source = { registry = "https://pypi.org/simple" }
sdist = { url = "https://files.pythonhosted.org/packages/49/2e/ced460408999b33da6b31b0021b0f37d329e202d4169aeb164493778f25b/pygments-2.21.0.tar.gz", hash = "sha256:610ca751c9bc2492b38eb9a38a7fbc93edbbb2d7182edaf34e66ae493dee5c8c", size = 5005329, upload-time = "2026-08-17T08:02:48.824Z" }
wheels = [
    { url = "https://files.pythonhosted.org/packages/71/46/17f022dd3e953bf20a04a028a21ec746d942f8d2af30fa0f124fa0e6a684/pygments-2.21.0-py3-none-any.whl", hash = "sha256:2363c69b61c4a97c838da3b130dcd6468f4848992b21a82f2a63ec34377137d9", size = 1250147, upload-time = "2026-08-17T08:02:44.912Z" },
]

[[package]]
name = "pytest"
version = "9.1.1"
source = { registry = "https://pypi.org/simple" }
dependencies = [
    { name = "colorama", marker = "sys_platform == 'win32'" },
    { name = "iniconfig" },
    { name = "packaging" },
    { name = "pluggy" },
    { name = "pygments" },
]
sdist = { url = "https://files.pythonhosted.org/packages/e4/47/b9efed96c114afcfa3c9d3fe98a76a1d14c74a9e266d397cf6eb64be5e01/pytest-9.1.1.tar.gz", hash = "sha256:1088fbde8f2b49d95a549a195707afa7a76a3ce9bcadc26b6d71f0ffda5fe313", size = 1636369, upload-time = "2026-06-19T10:58:32.857Z" }
wheels = [
    { url = "https://files.pythonhosted.org/packages/24/25/1de2678b631f5a49215c6c96fff41ba892b0a34df68d6d80292b1b48aa7f/pytest-9.1.1-py3-none-any.whl", hash = "sha256:37a86b45efb9a47a61a36449063e8e18d0cab3161329fc099eb21783169c4f0c", size = 386536, upload-time = "2026-06-19T10:58:31.347Z" },
]

[[package]]
name = "pytest-mock"
version = "3.15.1"
source = { registry = "https://pypi.org/simple" }
dependencies = [
    { name = "pytest" },
]
sdist = { url = "https://files.pythonhosted.org/packages/68/14/eb014d26be205d38ad5ad20d9a80f7d201472e08167f0bb4361e251084a9/pytest_mock-3.15.1.tar.gz", hash = "sha256:1849a238f6f396da19762269de72cb1814ab44416fa73a8686deac10b0d87a0f", size = 34036, upload-time = "2025-09-16T16:37:27.081Z" }
wheels = [
    { url = "https://files.pythonhosted.org/packages/5a/cc/06253936f4a7fa2e0f48dfe6d851d9c56df896a9ab09ac019d70b760619c/pytest_mock-3.15.1-py3-none-any.whl", hash = "sha256:0a25e2eb88fe5168d535041d09a4529a188176ae608a6d249ee65abc0949630d", size = 10095, upload-time = "2025-09-16T16:37:25.734Z" },
]

[[package]]
name = "ruff"
version = "0.16.8"
source = { registry = "https://pypi.org/simple" }
sdist = { url = "https://files.pythonhosted.org/packages/ba/78/449cb84790bd5cc3823b2652ee405a4558856e5c4195aee3a16bf7b3eb5d/ruff-0.16.8.tar.gz", hash = "sha256:9247bf92b5f04d825c8639a4fe423ec2e4222acd9222e58412b0dab7e442798b", size = 4938814, upload-time = "2026-09-16T15:54:46.688Z" }
wheels = [
    { url = "https://files.pythonhosted.org/packages/ac/25/6071aabc530e9be7e2c195e8fe3f7aea2735405b6cf447212832d7811831/ruff-0.16.8-py3-none-linux_armv6l.whl", hash = "sha256:6ffbd6d87383c1edf5f6fa890f10200950240d7c1a16052a19a09d3a2307dd38", size = 10048966, upload-time = "2026-09-16T15:53:57.605Z" },
    { url = "https://files.pythonhosted.org/packages/54/98/07f90ecbc74dd5fb5764f11f2bc774d6a7cffef92d2ff5f5b4e9e23c754e/ruff-0.16.8-py3-none-macosx_10_12_x86_64.whl", hash = "sha256:42ed6b878ed61e3acca92f2730a17acff39286944ea82398544696366a6f925e", size = 10165498, upload-time = "2026-09-16T15:54:01.14Z" },
    { url = "https://files.pythonhosted.org/packages/fe/1f/e6a712e3b47cad4a40600134105ed193cb773f618a42eb7ba323cb812cc0/ruff-0.16.8-py3-none-macosx_11_0_arm64.whl", hash = "sha256:7ea781c7f2afba8c6a505ea0fb3f994020249e0c450635f5381286fea6b46170", size = 9830004, upload-time = "2026-09-16T15:54:03.998Z" },
    { url = "https://files.pythonhosted.org/packages/23/f2/311a08776d75d81c7676e20b6b020ae63cbe881fcdc7a8dd64e6e18bdd93/ruff-0.16.8-py3-none-manylinux_2_17_aarch64.manylinux2014_aarch64.whl", hash = "sha256:8efeae3bbe414a5efefda11a792dfb51ef90ac48d50c4830de2f644caf3e8659", size = 9986558, upload-time = "2026-09-16T15:54:06.804Z" },
    { url = "https://files.pythonhosted.org/packages/f3/ed/37b6cb3d3ba8c73e68ae3eb1d502383beb5aa05a582bb7bb3a922f929f54/ruff-0.16.8-py3-none-manylinux_2_17_armv7l.manylinux2014_armv7l.whl", hash = "sha256:3a79b795469fef7fc6e908b218eed2eb17332afd85031db6480dc864560e69b2", size = 9877332, upload-time = "2026-09-16T15:54:09.552Z" },
    { url = "https://files.pythonhosted.org/packages/22/cc/40873a8f36ad084cc540d55fcca7077264d5b13b24659e9180c176fb2b08/ruff-0.16.8-py3-none-manylinux_2_17_i686.manylinux2014_i686.whl", hash = "sha256:3fdc5563cdc50555e6fba39322850860e9267c1b3d12c26a74729d8604c3c812", size = 10507125, upload-time = "2026-09-16T15:54:12.152Z" },
    { url = "https://files.pythonhosted.org/packages/c3/e4/fc91a642b78ccbab6b9477720f3644ae7a10a9bcce69a934679cd64f62bc/ruff-0.16.8-py3-none-manylinux_2_17_ppc64le.manylinux2014_ppc64le.whl", hash = "sha256:34508983c70665578dab88f5223d8e6228307e1135398ca8bfc8b7e9501e282b", size = 11336694, upload-time = "2026-09-16T15:54:15.489Z" },
    { url = "https://files.pythonhosted.org/packages/c2/3d/bbd2a9a600a4e73dc3e7548a249c8d1671273464b55822c6fae50f602dff/ruff-0.16.8-py3-none-manylinux_2_17_s390x.manylinux2014_s390x.whl", hash = "sha256:644bb578569e0ffc575741232bd385dacdd6fbe123f1a729e7a225f54aa3957f", size = 10774448, upload-time = "2026-09-16T15:54:18.16Z" },
    { url = "https://files.pythonhosted.org/packages/1a/41/d83af9879a7b6e8bf5fe16b1da0b134049d2f5d3afac12defb0897cb84bd/ruff-0.16.8-py3-none-manylinux_2_17_x86_64.manylinux2014_x86_64.whl", hash = "sha256:15e7d226246961db9235098333caa13063906d3851136b84c2900b82f5daa1df", size = 10323796, upload-time = "2026-09-16T15:54:20.743Z" },
    { url = "https://files.pythonhosted.org/packages/f5/2c/cefd07bfe914b84943ea769ade8d607bd22750b965d3228eefd7cebd15d0/ruff-0.16.8-py3-none-manylinux_2_31_riscv64.whl", hash = "sha256:a2bf6bc3e9ebdd4449abc6f06cf64b98051a2c61cf94d2fe9596518c881f1a1e", size = 10514115, upload-time = "2026-09-16T15:54:23.497Z" },
    { url = "https://files.pythonhosted.org/packages/f3/9d/76a2e26c79a23be6e6e3664c57bec9e9fc8de155cfb9e4b67ea91b64f9d7/ruff-0.16.8-py3-none-musllinux_1_2_aarch64.whl", hash = "sha256:6ca111ba0849539165e9e59d2b442542f3c1e8060ebbdea82494f1ffbccb1e1f", size = 10072582, upload-time = "2026-09-16T15:54:26.185Z" },
    { url = "https://files.pythonhosted.org/packages/2e/d4/f42edddb39668af1a559ceafa3823aedd65633a48dc9768e775485faa2c1/ruff-0.16.8-py3-none-musllinux_1_2_armv7l.whl", hash = "sha256:359a1e5b495448ee1e91018064382ebc86f90e8aac2fed222c7d0e4e8df85fd2", size = 9879644, upload-time = "2026-09-16T15:54:29.278Z" },
    { url = "https://files.pythonhosted.org/packages/f8/d4/913e3195d95e0378786c6656945c865f534a3560e29139da4882aff630d1/ruff-0.16.8-py3-none-musllinux_1_2_i686.whl", hash = "sha256:59e8f5681349474110b24d62e93cfda6593f5fa3473446ca3705200cac1a08b9", size = 10231569, upload-time = "2026-09-16T15:54:32.036Z" },
    { url = "https://files.pythonhosted.org/packages/2b/c4/8aa6ea0bdcedbd1bf87397e2fc4ed8406448ea5842f8660bc6e5f163039d/ruff-0.16.8-py3-none-musllinux_1_2_x86_64.whl", hash = "sha256:efa3e7a16d1baaa79957888dfdf8be9ef2e44db81cb032af06d76632ab59e773", size = 10663666, upload-time = "2026-09-16T15:54:34.838Z" },
    { url = "https://files.pythonhosted.org/packages/3d/02/7f10ef4700bc223c30a3fdd10631a29830c45524b810a3c7ed947af64591/ruff-0.16.8-py3-none-win32.whl", hash = "sha256:55793ba85c69921e89be061426d91a78652d6e50317c962240922747a4eb713f", size = 10093472, upload-time = "2026-09-16T15:54:37.47Z" },
    { url = "https://files.pythonhosted.org/packages/1e/5d/a509c07d714b6da88f2c518b4637cf6f1d46b074be8f0f1e5fb9ff5126fe/ruff-0.16.8-py3-none-win_amd64.whl", hash = "sha256:a6b85621fd3c81e31fc5f5add09c9c078b430db3595ca632efafdec9e64ebfaa", size = 10586899, upload-time = "2026-09-16T15:54:40.488Z" },
    { url = "https://files.pythonhosted.org/packages/fe/a0/50787329e4f20bf9dc9f6230015d46ec69c51a97ace5bc202dae4755365d/ruff-0.16.8-py3-none-win_arm64.whl", hash = "sha256:d075e820af612102ce217f07cc93e69f9490b10ec13ea85fa87bd03d996cef8a", size = 10386316, upload-time = "2026-09-16T15:54:43.332Z" },
]

[[package]]
name = "selectolax"
version = "0.4.12"
source = { registry = "https://pypi.org/simple" }
sdist = { url = "https://files.pythonhosted.org/packages/18/a5/c06e1fb665685a9a028cc3fae538da044c90ee550e52c322cba02f0ff47a/selectolax-0.4.12.tar.gz", hash = "sha256:078f6bfac14439395d57eaf46887ec78362e19178ca90bc69da7420253a3e9d5", size = 4940765, upload-time = "2026-09-18T08:20:38.149Z" }
wheels = [
    { url = "https://files.pythonhosted.org/packages/2a/1d/5e839420337da479e73e13371311c29ca016a63f79c72179dc6e60768bb8/selectolax-0.4.12-cp311-cp311-macosx_10_9_x86_64.whl", hash = "sha256:5639399a22b03f610e3a806463d8d2e9fb31957beffd22c07290fa92a7d6bb31", size = 2294020, upload-time = "2026-09-18T08:19:12.769Z" },
    { url = "https://files.pythonhosted.org/packages/e4/e4/b518ca080f9e74b6f83e335c16a2c0775249a1971301611979e1cb5a80ae/selectolax-0.4.12-cp311-cp311-macosx_11_0_arm64.whl", hash = "sha256:7bb75ad6d3e7be3784bb4d7dc00f9b38f535d664935e5f73369d47875aa928ca", size = 2350508, upload-time = "2026-09-18T08:19:14.189Z" },
    { url = "https://files.pythonhosted.org/packages/12/fe/28caba38c7b5da71c0214eb7e19374ed2f00b811ed8d013f753f31a8c856/selectolax-0.4.12-cp311-cp311-manylinux2014_aarch64.manylinux_2_17_aarch64.manylinux_2_28_aarch64.whl", hash = "sha256:59e25e9fdd27a1918cca5cab243b14d191c8689e8bdb179e899b0b6e49199b63", size = 2426675, upload-time = "2026-09-18T08:19:15.545Z" },
    { url = "https://files.pythonhosted.org/packages/30/3d/932f984ad171a674bbf0a09f33ad747b8fc97cd6557821394c652035d380/selectolax-0.4.12-cp311-cp311-manylinux2014_x86_64.manylinux_2_17_x86_64.manylinux_2_28_x86_64.whl", hash = "sha256:f22c1cccbb9ff53b1a0cc9899f1301563169fb9a72a1efdb1092bfd3f41a5639", size = 2476758, upload-time = "2026-09-18T08:19:16.993Z" },
    { url = "https://files.pythonhosted.org/packages/73/42/4d09a213711c8208958c603a51cc219c1b2281336298d36c5035303a7e16/selectolax-0.4.12-cp311-cp311-musllinux_1_2_aarch64.whl", hash = "sha256:6f53122c6c2ba5c7bd6fb97b46b8d1190439f997d8de61c857f2fa380408194f", size = 2432665, upload-time = "2026-09-18T08:19:18.438Z" },
    { url = "https://files.pythonhosted.org/packages/45/bc/cc671f4d8284b4f9ef1465b0d5427790da77c0b721cab0aa04d3554cc119/selectolax-0.4.12-cp311-cp311-musllinux_1_2_x86_64.whl", hash = "sha256:1e677b74ed47e066400ccafb31f32ae3ad9aaf0a1f69f2c570ec7988f786738a", size = 2488400, upload-time = "2026-09-18T08:19:20.416Z" },
    { url = "https://files.pythonhosted.org/packages/9f/81/05089b40c76ed8e7ba43614e124f2c0a23778f07fb9e0cddd5eb15c27445/selectolax-0.4.12-cp311-cp311-win32.whl", hash = "sha256:5c3df6148b8fa9e90d7368b189eeecbc13cc666d9890e4b93445ed42fe1a6bed", size = 1829327, upload-time = "2026-09-18T08:19:22.081Z" },
    { url = "https://files.pythonhosted.org/packages/92/1a/82a36735746a3d82ab37b5e019ce62563bd01f85865ea07934ab51ad25ab/selectolax-0.4.12-cp311-cp311-win_amd64.whl", hash = "sha256:efc60977792b3991983957679099fee688f2d09cc6eb4957a1d2aa721d03bff7", size = 1953827, upload-time = "2026-09-18T08:19:23.466Z" },
    { url = "https://files.pythonhosted.org/packages/1b/a4/871806516b17e8b3d00d1ba72ba7b5f21e05dc176833a8fa3a3bb479a3aa/selectolax-0.4.12-cp311-cp311-win_arm64.whl", hash = "sha256:f1428604731d3dce8d2e04a63aa4e96d4eb369a2c3e6e8ce3104758465d6dd41", size = 1888990, upload-time = "2026-09-18T08:19:24.98Z" },
    { url = "https://files.pythonhosted.org/packages/ce/24/ba70ffc5950afcd6c003f73e764aa01306dd16f73f7864bd609748df8975/selectolax-0.4.12-cp312-cp312-macosx_10_13_x86_64.whl", hash = "sha256:272d2996a9a06c0334552532cd9dce472214a960fe0580c2d4b1c37437f1cb02", size = 2323280, upload-time = "2026-09-18T08:19:26.479Z" },
    { url = "https://files.pythonhosted.org/packages/2a/e2/f625daf1e76818162299b1547ecb40bf3d27dbc28f6c9af8ad72b25aad6a/selectolax-0.4.12-cp312-cp312-macosx_11_0_arm64.whl", hash = "sha256:5805b7b51d1b62a53b13240ca85771c1675b910fe71ac07298a22550669a0b4d", size = 2370109, upload-time = "2026-09-18T08:19:28.15Z" },
    { url = "https://files.pythonhosted.org/packages/3c/7d/bdf42f4a1653581f83043f7a91f18491443f096409fb66cd8522e55150d0/selectolax-0.4.12-cp312-cp312-manylinux2014_aarch64.manylinux_2_17_aarch64.manylinux_2_28_aarch64.whl", hash = "sha256:288f36fa1f6379a8c4f9676599069f5067a03c9583fed905f4c2b28d75dd18bd", size = 2453386, upload-time = "2026-09-18T08:19:29.466Z" },
    { url = "https://files.pythonhosted.org/packages/ff/22/63c41577a21182eebe4b93d47f9ffd92ad84e06115c8d170cf00849e0b7e/selectolax-0.4.12-cp312-cp312-manylinux2014_x86_64.manylinux_2_17_x86_64.manylinux_2_28_x86_64.whl", hash = "sha256:0d90c502135acef7b25da1a15ca801894fc779c166f2ed4ba30f8e6f495785b4", size = 2500495, upload-time = "2026-09-18T08:19:30.884Z" },
    { url = "https://files.pythonhosted.org/packages/b0/70/1f47746595ee95007fd0d6c7fad4bfc88965baefb3fef2fe0e0f5aec83f6/selectolax-0.4.12-cp312-cp312-musllinux_1_2_aarch64.whl", hash = "sha256:03b3938566cf853dc034f8e1f8b30bf05475c9ea77c682a9d1f976f220f617a6", size = 2461760, upload-time = "2026-09-18T08:19:32.522Z" },
    { url = "https://files.pythonhosted.org/packages/b6/80/6713dd92486e730a68269de670c38abf0476d755fc93d178efbaaab46caf/selectolax-0.4.12-cp312-cp312-musllinux_1_2_x86_64.whl", hash = "sha256:8045daa0bd13ebf05fa27f1015731338552631e269707521afe1f957a38c48d0", size = 2523733, upload-time = "2026-09-18T08:19:34.118Z" },
    { url = "https://files.pythonhosted.org/packages/37/48/6ea4d081314dc2650011dc2a23991f7f2a4787a62363fd080ab04536cc81/selectolax-0.4.12-cp312-cp312-win32.whl", hash = "sha256:bd46d3b9bc4a330bd9dd46ec0f3c353a6d0a0778e0a0f57595381a2b7f8dfc00", size = 1825942, upload-time = "2026-09-18T08:19:35.513Z" },
    { url = "https://files.pythonhosted.org/packages/d1/39/69e6b2e92934cb25e869674fb42981edc8a19423615b0f53e0317b12835b/selectolax-0.4.12-cp312-cp312-win_amd64.whl", hash = "sha256:8baa98dcd3d5c2418388e07c8d46f056cca487f21a851d6c8304ddabfeadac35", size = 1946247, upload-time = "2026-09-18T08:19:37.097Z" },
    { url = "https://files.pythonhosted.org/packages/7e/b6/0f9f15b461165b0220fb3520340483ecd40a4f90caf6bd742f1af7f88f2b/selectolax-0.4.12-cp312-cp312-win_arm64.whl", hash = "sha256:0562530099872e5b5b56b1dcd8536aeae56e341409af0407d1e21586c7792686", size = 1877846, upload-time = "2026-09-18T08:19:38.462Z" },
    { url = "https://files.pythonhosted.org/packages/08/2b/4c52a167f129b8d15e87cb442eea4f825550c0669fd7cb7810889c7df0fd/selectolax-0.4.12-cp313-cp313-macosx_10_13_x86_64.whl", hash = "sha256:60cc20961066c62f3da7288174bdcc550c18cc9a3623c8e5e38e348d042af545", size = 2322311, upload-time = "2026-09-18T08:19:39.98Z" },
    { url = "https://files.pythonhosted.org/packages/db/34/8b8867d84a881a08e65b80595186c8baff9f117de92e241b6193f1fb5f12/selectolax-0.4.12-cp313-cp313-macosx_11_0_arm64.whl", hash = "sha256:407dd3e5ed82c59215304f641cfc079d53accb19ccd358cf301e36507baabc3f", size = 2368433, upload-time = "2026-09-18T08:19:41.518Z" },
    { url = "https://files.pythonhosted.org/packages/c9/ae/1ea1427d53e9c2e91f49bfeaef7b458dcdc43ca5e2bc9d8f3e1411941490/selectolax-0.4.12-cp313-cp313-manylinux2014_aarch64.manylinux_2_17_aarch64.manylinux_2_28_aarch64.whl", hash = "sha256:da0ca0a6f1415797b82125e159940b45fd6c370b272377c7462a4c2de2313ad3", size = 2452712, upload-time = "2026-09-18T08:19:43.086Z" },
    { url = "https://files.pythonhosted.org/packages/7d/15/32670669d3829abc83ab9569368dc0903ff1041a9592bef287dcf8e2eda7/selectolax-0.4.12-cp313-cp313-manylinux2014_x86_64.manylinux_2_17_x86_64.manylinux_2_28_x86_64.whl", hash = "sha256:5bf01ba029de7b2e5ac6dc77287a5a19f8b6cfa8c6cfc8f6a7267061c61eaf81", size = 2500073, upload-time = "2026-09-18T08:19:44.657Z" },
    { url = "https://files.pythonhosted.org/packages/34/de/d53623f7b3297db6c42ed46f042ad85922d1ca96433609b057a1ac3ec683/selectolax-0.4.12-cp313-cp313-musllinux_1_2_aarch64.whl", hash = "sha256:3cb7eb215f4711dfc602da2645ded0f6ce7ecc051b87124caba58b98bf7befb8", size = 2461411, upload-time = "2026-09-18T08:19:46.229Z" },
    { url = "https://files.pythonhosted.org/packages/6f/86/01174796ed97dfd80a59f747f3b9d533883d1dc01e818f8084573952f38d/selectolax-0.4.12-cp313-cp313-musllinux_1_2_x86_64.whl", hash = "sha256:d2209f1632ff61dca70587c2d1c45a5c120919d707b1e691623a7a317a82eaa5", size = 2523172, upload-time = "2026-09-18T08:19:48.081Z" },
    { url = "https://files.pythonhosted.org/packages/61/f9/80907539dfe02d3bd0c91144adf75c6869d7dc64f9960d95e65d5170a748/selectolax-0.4.12-cp313-cp313-win32.whl", hash = "sha256:920738cc78d79e762fdd1cfdc4dd145b6c5eb219873cd0246670ea159eb61ff6", size = 1825788, upload-time = "2026-09-18T08:19:49.539Z" },
    { url = "https://files.pythonhosted.org/packages/1c/19/916c51bc52129e8fc6c733bb0c51bbd805368ea92dd78f9312c408079844/selectolax-0.4.12-cp313-cp313-win_amd64.whl", hash = "sha256:53b3bae8ac72cc2390b08aefc1d96dbef46d99f098bbd6ddf5f49453d30e69c3", size = 1945650, upload-time = "2026-09-18T08:19:51.272Z" },
    { url = "https://files.pythonhosted.org/packages/4b/2c/3e4f60af7db8a4a19675d2365f79f84c1f87e9591656a0bc5334f45069a7/selectolax-0.4.12-cp313-cp313-win_arm64.whl", hash = "sha256:06e7cdc8d55b2355b6e3921c5f2000e3a7aa18258c61bb3646bd44d1aa67d312", size = 1877845, upload-time = "2026-09-18T08:19:52.796Z" },
    { url = "https://files.pythonhosted.org/packages/65/f5/0c427d7058a736713b351858bc7651e135ed10d957dd3da89e78f184817b/selectolax-0.4.12-cp314-cp314-macosx_10_13_x86_64.whl", hash = "sha256:a1fcfe7e41b74ceb9020e19953e3a4d994d07e5afbc8113e041625cc4187048b", size = 2338528, upload-time = "2026-09-18T08:19:54.343Z" },
    { url = "https://files.pythonhosted.org/packages/7b/08/206441e48ccfe2e9ef38d31862c0b3692dd3d7c83e7636399256b2717aa8/selectolax-0.4.12-cp314-cp314-macosx_11_0_arm64.whl", hash = "sha256:2810aad3fffa3ef34c93b8dc52f61ceb42437827c2e1c79793547f46e68b4842", size = 2385449, upload-time = "2026-09-18T08:19:56.054Z" },
    { url = "https://files.pythonhosted.org/packages/43/25/c969849447732f71889725c50c8b2dae0d51332267ef624b31456f28a692/selectolax-0.4.12-cp314-cp314-manylinux2014_aarch64.manylinux_2_17_aarch64.manylinux_2_28_aarch64.whl", hash = "sha256:7441c0a99ac7fcdfebc0beecf151b02e64e7de7329d3352e77731d7beea7cfb8", size = 2451668, upload-time = "2026-09-18T08:19:57.768Z" },
    { url = "https://files.pythonhosted.org/packages/f1/0a/3f3eb3bf804f2fcff85ec34d5e9d6bd3cf475d94b172558c801cb9ee4268/selectolax-0.4.12-cp314-cp314-manylinux2014_x86_64.manylinux_2_17_x86_64.manylinux_2_28_x86_64.whl", hash = "sha256:dcf26b234fadb6a76dbd2fc1039163365e6ad48228b5c83170f5fc7709bba269", size = 2497976, upload-time = "2026-09-18T08:19:59.528Z" },
    { url = "https://files.pythonhosted.org/packages/f3/55/72492c0fdf44148487535bd0e241a6a815605ee09d37846b6b8609095c11/selectolax-0.4.12-cp314-cp314-musllinux_1_2_aarch64.whl", hash = "sha256:7edb1e8dc640918e565a8df4791fb6dfed0efe9d9b46dba27d2ff5a4512e426d", size = 2477053, upload-time = "2026-09-18T08:20:00.937Z" },
    { url = "https://files.pythonhosted.org/packages/7a/a7/fc66fd7575c10eccbb2d3532a4d56d3accedfbfce6169c4798e157c069c5/selectolax-0.4.12-cp314-cp314-musllinux_1_2_x86_64.whl", hash = "sha256:371a9cadb8c2c2e9a2f46754e53fa2d0c71a20d3efeeb2de3cf41b023a63c9be", size = 2539851, upload-time = "2026-09-18T08:20:02.497Z" },
    { url = "https://files.pythonhosted.org/packages/25/5a/240e8217d5c852e426e8db85a5b69aa5e71bd60549d602e7ca9104f1d439/selectolax-0.4.12-cp314-cp314-win32.whl", hash = "sha256:85b79ed587efce05b38212b28065f8325a452eb2d27f7a01b6b6ef7170ef7a20", size = 1937056, upload-time = "2026-09-18T08:20:04.116Z" },
    { url = "https://files.pythonhosted.org/packages/3f/ff/5979a88d2729164889b8bf64ef7467d542a2c4346fd8a4912f5dc4a6dbc2/selectolax-0.4.12-cp314-cp314-win_amd64.whl", hash = "sha256:a96117872d6f155ee717ef33afb24f30a195ecc07fd1a6dffa5b762c10b7a560", size = 2058569, upload-time = "2026-09-18T08:20:05.545Z" },
    { url = "https://files.pythonhosted.org/packages/cb/80/50d380b7129c0aafaa0274356c61b3ee0e6bfbe118dca4bcef8568b76c3a/selectolax-0.4.12-cp314-cp314-win_arm64.whl", hash = "sha256:9d05b19a69727bf53335a8f5a6292a3d361dd0ad7a17c6a2c48603878a158d78", size = 1991548, upload-time = "2026-09-18T08:20:07.032Z" },
    { url = "https://files.pythonhosted.org/packages/34/22/8f52b923441cb7541689c476c8b0dc9ffc3da65c9f6365777e394c349f4e/selectolax-0.4.12-cp314-cp314t-macosx_10_13_x86_64.whl", hash = "sha256:1fcea8899a1e3daf072b5a98042c8b47b73f524c5201e3101525207731350bcb", size = 2354636, upload-time = "2026-09-18T08:20:08.8Z" },
    { url = "https://files.pythonhosted.org/packages/ee/99/3c142ee1376c4b334f5df0b52064de476eb580ff4b80710faa0130dc3cfa/selectolax-0.4.12-cp314-cp314t-macosx_11_0_arm64.whl", hash = "sha256:8c0b8816821a023fecb251153daa6562147415ab143592bb54dc02d68ea66e47", size = 2401872, upload-time = "2026-09-18T08:20:10.149Z" },
    { url = "https://files.pythonhosted.org/packages/55/c9/1f0f953140ba5bfa5585c843509a6a95e595f2ab1dbef8f9e66b16c65dc2/selectolax-0.4.12-cp314-cp314t-manylinux2014_aarch64.manylinux_2_17_aarch64.manylinux_2_28_aarch64.whl", hash = "sha256:bf1c838f4bbe7c4ef26bd3ee2e33aad57cb1478bdff60facaf4a13c926bd18c2", size = 2460991, upload-time = "2026-09-18T08:20:11.707Z" },
    { url = "https://files.pythonhosted.org/packages/92/ec/51d20ae564fcfb54038d4145f9b9048dc9273575ff697cd9170c773d2a9a/selectolax-0.4.12-cp314-cp314t-manylinux2014_x86_64.manylinux_2_17_x86_64.manylinux_2_28_x86_64.whl", hash = "sha256:585e07ce3a1b3413f6caa6ad40b06897a887ec332f3463768aded8b639f7e24f", size = 2514285, upload-time = "2026-09-18T08:20:13.726Z" },
    { url = "https://files.pythonhosted.org/packages/d0/e6/8e58ee162c7015516b684553ecef727daf20a44fd5d7134191797535700e/selectolax-0.4.12-cp314-cp314t-musllinux_1_2_aarch64.whl", hash = "sha256:c4f80dff7800c26c046542855721c6740ec335e22ad62570a3df4c2527b759ec", size = 2488819, upload-time = "2026-09-18T08:20:15.238Z" },
    { url = "https://files.pythonhosted.org/packages/c7/08/d6436898871cc411a52a19be890ae30f5a856cc8f4bf4aa84c7fd57f6095/selectolax-0.4.12-cp314-cp314t-musllinux_1_2_x86_64.whl", hash = "sha256:19449192f510c3793e38eca65756675f1eb34a0e13514ada97f9704080e55875", size = 2548630, upload-time = "2026-09-18T08:20:16.995Z" },
    { url = "https://files.pythonhosted.org/packages/7a/57/f939b340372ff95f7ca78551942628c39570fd62c746992c7435198666cd/selectolax-0.4.12-cp314-cp314t-win32.whl", hash = "sha256:1584324e6b3a31c812c0af34b918592d7328f6d4e738c54bb3817012302aa1e4", size = 1963537, upload-time = "2026-09-18T08:20:18.529Z" },
    { url = "https://files.pythonhosted.org/packages/02/7d/94817ae157317b11e9f33a5fb044d3982c4f69632d9ac1d581d85db51744/selectolax-0.4.12-cp314-cp314t-win_amd64.whl", hash = "sha256:8ccf01c2df078f1659f850a5dc7b95c9f9cce59763fd6f3ac91741d51eeac280", size = 2084966, upload-time = "2026-09-18T08:20:20.119Z" },
    { url = "https://files.pythonhosted.org/packages/77/f9/4ad6ae22224d56b5f7e39470ea4453894b630e806243078df450af155697/selectolax-0.4.12-cp314-cp314t-win_arm64.whl", hash = "sha256:efb814d712d6acff8901a81f7e4899879dcc687733279cb3f7b5a93654b2f24d", size = 2013355, upload-time = "2026-09-18T08:20:21.993Z" },
]

[[package]]
name = "typing-extensions"
version = "4.16.0"
source = { registry = "https://pypi.org/simple" }
sdist = { url = "https://files.pythonhosted.org/packages/f6/cc/6253133b5bb138fc3306cebfbda2c520f545d36b5be2c7255cc528bb45d6/typing_extensions-4.16.0.tar.gz", hash = "sha256:dc983d19a509c94dba722ee6abd33940f7c05a89e243c47e907eb4db6f1a43e5", size = 113555, upload-time = "2026-07-02T08:40:05.92Z" }
wheels = [
    { url = "https://files.pythonhosted.org/packages/49/d3/b8441a820a491ddfc024b0b0cf0393375b75ea13866d9c66727e54c2fc80/typing_extensions-4.16.0-py3-none-any.whl", hash = "sha256:481caa481374e813c1b176ada14e97f1f67a4539ce9cfeb3f350d78d6370c2e8", size = 45571, upload-time = "2026-07-02T08:40:04.659Z" },
]
